// !$*UTF8*$!
{
	archiveVersion = 1;
	classes = {
	};
	objectVersion = 50;
	objects = {

/* Begin PBXBuildFile section */
		89DF03C3241F460A006FADBB /* AppDelegate.swift in Sources */ = {isa = PBXBuildFile; fileRef = 89DF03C2241F460A006FADBB /* AppDelegate.swift */; };
		89DF03C5241F460A006FADBB /* SceneDelegate.swift in Sources */ = {isa = PBXBuildFile; fileRef = 89DF03C4241F460A006FADBB /* SceneDelegate.swift */; };
		89DF03C7241F460A006FADBB /* ViewController.swift in Sources */ = {isa = PBXBuildFile; fileRef = 89DF03C6241F460A006FADBB /* ViewController.swift */; };
		89DF03CA241F460A006FADBB /* Main.storyboard in Resources */ = {isa = PBXBuildFile; fileRef = 89DF03C8241F460A006FADBB /* Main.storyboard */; };
		89DF03CC241F460B006FADBB /* Assets.xcassets in Resources */ = {isa = PBXBuildFile; fileRef = 89DF03CB241F460B006FADBB /* Assets.xcassets */; };
		89DF03CF241F460B006FADBB /* LaunchScreen.storyboard in Resources */ = {isa = PBXBuildFile; fileRef = 89DF03CD241F460B006FADBB /* LaunchScreen.storyboard */; };
/* End PBXBuildFile section */

/* Begin PBXFileReference section */
		89DF03BF241F460A006FADBB /* project-south-sulawesi.app */ = {isa = PBXFileReference; explicitFileType = wrapper.application; includeInIndex = 0; path = "project-south-sulawesi.app"; sourceTree = BUILT_PRODUCTS_DIR; };
		89DF03C2241F460A006FADBB /* AppDelegate.swift */ = {isa = PBXFileReference; lastKnownFileType = sourcecode.swift; path = AppDelegate.swift; sourceTree = "<group>"; };
		89DF03C4241F460A006FADBB /* SceneDelegate.swift */ = {isa = PBXFileReference; lastKnownFileType = sourcecode.swift; path = SceneDelegate.swift; sourceTree = "<group>"; };
		89DF03C6241F460A006FADBB /* ViewController.swift */ = {isa = PBXFileReference; lastKnownFileType = sourcecode.swift; path = ViewController.swift; sourceTree = "<group>"; };
		89DF03C9241F460A006FADBB /* Base */ = {isa = PBXFileReference; lastKnownFileType = file.storyboard; name = Base; path = Base.lproj/Main.storyboard; sourceTree = "<group>"; };
		89DF03CB241F460B006FADBB /* Assets.xcassets */ = {isa = PBXFileReference; lastKnownFileType = folder.assetcatalog; path = Assets.xcassets; sourceTree = "<group>"; };
		89DF03CE241F460B006FADBB /* Base */ = {isa = PBXFileReference; lastKnownFileType = file.storyboard; name = Base; path = Base.lproj/LaunchScreen.storyboard; sourceTree = "<group>"; };
		89DF03D0241F460B006FADBB /* Info.plist */ = {isa = PBXFileReference; lastKnownFileType = text.plist.xml; path = Info.plist; sourceTree = "<group>"; };
/* End PBXFileReference section */

/* Begin PBXFrameworksBuildPhase section */
		89DF03BC241F460A006FADBB /* Frameworks */ = {
			isa = PBXFrameworksBuildPhase;
			buildActionMask = 2147483647;
			files = (
			);
			runOnlyForDeploymentPostprocessing = 0;
		};
/* End PBXFrameworksBuildPhase section */

/* Begin PBXGroup section */
		89DF03B6241F460A006FADBB = {
			isa = PBXGroup;
			children = (
				89DF03C1241F460A006FADBB /* project-south-sulawesi */,
				89DF03C0241F460A006FADBB /* Products */,
			);
			sourceTree = "<group>";
		};
		89DF03C0241F460A006FADBB /* Products */ = {
			isa = PBXGroup;
			children = (
				89DF03BF241F460A006FADBB /* project-south-sulawesi.app */,
			);
			name = Products;
			sourceTree = "<group>";
		};
		89DF03C1241F460A006FADBB /* project-south-sulawesi */ = {
			isa = PBXGroup;
			children = (
				89DF03C2241F460A006FADBB /* AppDelegate.swift */,
				89DF03C4241F460A006FADBB /* SceneDelegate.swift */,
				89DF03C6241F460A006FADBB /* ViewController.swift */,
				89DF03C8241F460A006FADBB /* Main.storyboard */,
				89DF03CB241F460B006FADBB /* Assets.xcassets */,
				89DF03CD241F460B006FADBB /* LaunchScreen.storyboard */,
				89DF03D0241F460B006FADBB /* Info.plist */,
			);
			path = "project-south-sulawesi";
			sourceTree = "<group>";
		};
/* End PBXGroup section */

/* Begin PBXNativeTarget section */
		89DF03BE241F460A006FADBB /* project-south-sulawesi */ = {
			isa = PBXNativeTarget;
			buildConfigurationList = 89DF03D3241F460B006FADBB /* Build configuration list for PBXNativeTarget "project-south-sulawesi" */;
			buildPhases = (
				89DF03BB241F460A006FADBB /* Sources */,
				89DF03BC241F460A006FADBB /* Frameworks */,
				89DF03BD241F460A006FADBB /* Resources */,
			);
			buildRules = (
			);
			dependencies = (
			);
			name = "project-south-sulawesi";
			productName = "project-south-sulawesi";
			productReference = 89DF03BF241F460A006FADBB /* project-south-sulawesi.app */;
			productType = "com.apple.product-type.application";
		};
/* End PBXNativeTarget section */

/* Begin PBXProject section */
		89DF03B7241F460A006FADBB /* Project object */ = {
			isa = PBXProject;
			attributes = {
				LastSwiftUpdateCheck = 1130;
				LastUpgradeCheck = 1130;
				ORGANIZATIONNAME = "Andimas Bagaswara";
				TargetAttributes = {
					89DF03BE241F460A006FADBB = {
						CreatedOnToolsVersion = 11.3.1;
					};
				};
			};
			buildConfigurationList = 89DF03BA241F460A006FADBB /* Build configuration list for PBXProject "project-south-sulawesi" */;
			compatibilityVersion = "Xcode 9.3";
			developmentRegion = en;
			hasScannedForEncodings = 0;
			knownRegions = (
				en,
				Base,
			);
			mainGroup = 89DF03B6241F460A006FADBB;
			productRefGroup = 89DF03C0241F460A006FADBB /* Products */;
			projectDirPath = "";
			projectRoot = "";
			targets = (
				89DF03BE241F460A006FADBB /* project-south-sulawesi */,
			);
		};
/* End PBXProject section */

/* Begin PBXResourcesBuildPhase section */
		89DF03BD241F460A006FADBB /* Resources */ = {
			isa = PBXResourcesBuildPhase;
			buildActionMask = 2147483647;
			files = (
				89DF03CF241F460B006FADBB /* LaunchScreen.storyboard in Resources */,
				89DF03CC241F460B006FADBB /* Assets.xcassets in Resources */,
				89DF03CA241F460A006FADBB /* Main.storyboard in Resources */,
			);
			runOnlyForDeploymentPostprocessing = 0;
		};
/* End PBXResourcesBuildPhase section */

/* Begin PBXSourcesBuildPhase section */
		89DF03BB241F460A006FADBB /* Sources */ = {
			isa = PBXSourcesBuildPhase;
			buildActionMask = 2147483647;
			files = (
				89DF03C7241F460A006FADBB /* ViewController.swift in Sources */,
				89DF03C3241F460A006FADBB /* AppDelegate.swift in Sources */,
				89DF03C5241F460A006FADBB /* SceneDelegate.swift in Sources */,
			);
			runOnlyForDeploymentPostprocessing = 0;
		};
/* End PBXSourcesBuildPhase section */

/* Begin PBXVariantGroup section */
		89DF03C8241F460A006FADBB /* Main.storyboard */ = {
			isa = PBXVariantGroup;
			children = (
				89DF03C9241F460A006FADBB /* Base */,
			);
			name = Main.storyboard;
			sourceTree = "<group>";
		};
		89DF03CD241F460B006FADBB /* LaunchScreen.storyboard */ = {
			isa = PBXVariantGroup;
			children = (
				89DF03CE241F460B006FADBB /* Base */,
			);
			name = LaunchScreen.storyboard;
			sourceTree = "<group>";
		};
/* End PBXVariantGroup section */

/* Begin XCBuildConfiguration section */
		89DF03D1241F460B006FADBB /* Debug */ = {
			isa = XCBuildConfiguration;
			buildSettings = {
				ALWAYS_SEARCH_USER_PATHS = NO;
				CLANG_ANALYZER_NONNULL = YES;
				CLANG_ANALYZER_NUMBER_OBJECT_CONVERSION = YES_AGGRESSIVE;
				CLANG_CXX_LANGUAGE_STANDARD = "gnu++14";
				CLANG_CXX_LIBRARY = "libc++";
				CLANG_ENABLE_MODULES = YES;
				CLANG_ENABLE_OBJC_ARC = YES;
				CLANG_ENABLE_OBJC_WEAK = YES;
				CLANG_WARN_BLOCK_CAPTURE_AUTORELEASING = YES;
				CLANG_WARN_BOOL_CONVERSION = YES;
				CLANG_WARN_COMMA = YES;
				CLANG_WARN_CONSTANT_CONVERSION = YES;
				CLANG_WARN_DEPRECATED_OBJC_IMPLEMENTATIONS = YES;
				CLANG_WARN_DIRECT_OBJC_ISA_USAGE = YES_ERROR;
				CLANG_WARN_DOCUMENTATION_COMMENTS = YES;
				CLANG_WARN_EMPTY_BODY = YES;
				CLANG_WARN_ENUM_CONVERSION = YES;
				CLANG_WARN_INFINITE_RECURSION = YES;
				CLANG_WARN_INT_CONVERSION = YES;
				CLANG_WARN_NON_LITERAL_NULL_CONVERSION = YES;
				CLANG_WARN_OBJC_IMPLICIT_RETAIN_SELF = YES;
				CLANG_WARN_OBJC_LITERAL_CONVERSION = YES;
				CLANG_WARN_OBJC_ROOT_CLASS = YES_ERROR;
				CLANG_WARN_RANGE_LOOP_ANALYSIS = YES;
				CLANG_WARN_STRICT_PROTOTYPES = YES;
				CLANG_WARN_SUSPICIOUS_MOVE = YES;
				CLANG_WARN_UNGUARDED_AVAILABILITY = YES_AGGRESSIVE;
				CLANG_WARN_UNREACHABLE_CODE = YES;
				CLANG_WARN__DUPLICATE_METHOD_MATCH = YES;
				COPY_PHASE_STRIP = NO;
				DEBUG_INFORMATION_FORMAT = dwarf;
				ENABLE_STRICT_OBJC_MSGSEND = YES;
				ENABLE_TESTABILITY = YES;
				GCC_C_LANGUAGE_STANDARD = gnu11;
				GCC_DYNAMIC_NO_PIC = NO;
				GCC_NO_COMMON_BLOCKS = YES;
				GCC_OPTIMIZATION_LEVEL = 0;
				GCC_PREPROCESSOR_DEFINITIONS = (
					"DEBUG=1",
					"$(inherited)",
				);
				GCC_WARN_64_TO_32_BIT_CONVERSION = YES;
				GCC_WARN_ABOUT_RETURN_TYPE = YES_ERROR;
				GCC_WARN_UNDECLARED_SELECTOR = YES;
				GCC_WARN_UNINITIALIZED_AUTOS = YES_AGGRESSIVE;
				GCC_WARN_UNUSED_FUNCTION = YES;
				GCC_WARN_UNUSED_VARIABLE = YES;
				IPHONEOS_DEPLOYMENT_TARGET = 13.2;
				MTL_ENABLE_DEBUG_INFO = INCLUDE_SOURCE;
				MTL_FAST_MATH = YES;
				ONLY_ACTIVE_ARCH = YES;
				SDKROOT = iphoneos;
				SWIFT_ACTIVE_COMPILATION_CONDITIONS = DEBUG;
				SWIFT_OPTIMIZATION_LEVEL = "-Onone";
			};
			name = Debug;
		};
		89DF03D2241F460B006FADBB /* Release */ = {
			isa = XCBuildConfiguration;
			buildSettings = {
				ALWAYS_SEARCH_USER_PATHS = NO;
				CLANG_ANALYZER_NONNULL = YES;
				CLANG_ANALYZER_NUMBER_OBJECT_CONVERSION = YES_AGGRESSIVE;
				CLANG_CXX_LANGUAGE_STANDARD = "gnu++14";
				CLANG_CXX_LIBRARY = "libc++";
				CLANG_ENABLE_MODULES = YES;
				CLANG_ENABLE_OBJC_ARC = YES;
				CLANG_ENABLE_OBJC_WEAK = YES;
				CLANG_WARN_BLOCK_CAPTURE_AUTORELEASING = YES;
				CLANG_WARN_BOOL_CONVERSION = YES;
				CLANG_WARN_COMMA = YES;
				CLANG_WARN_CONSTANT_CONVERSION = YES;
				CLANG_WARN_DEPRECATED_OBJC_IMPLEMENTATIONS = YES;
				CLANG_WARN_DIRECT_OBJC_ISA_USAGE = YES_ERROR;
				CLANG_WARN_DOCUMENTATION_COMMENTS = YES;
				CLANG_WARN_EMPTY_BODY = YES;
				CLANG_WARN_ENUM_CONVERSION = YES;
				CLANG_WARN_INFINITE_RECURSION = YES;
				CLANG_WARN_INT_CONVERSION = YES;
				CLANG_WARN_NON_LITERAL_NULL_CONVERSION = YES;
				CLANG_WARN_OBJC_IMPLICIT_RETAIN_SELF = YES;
				CLANG_WARN_OBJC_LITERAL_CONVERSION = YES;
				CLANG_WARN_OBJC_ROOT_CLASS = YES_ERROR;
				CLANG_WARN_RANGE_LOOP_ANALYSIS = YES;
				CLANG_WARN_STRICT_PROTOTYPES = YES;
				CLANG_WARN_SUSPICIOUS_MOVE = YES;
				CLANG_WARN_UNGUARDED_AVAILABILITY = YES_AGGRESSIVE;
				CLANG_WARN_UNREACHABLE_CODE = YES;
				CLANG_WARN__DUPLICATE_METHOD_MATCH = YES;
				COPY_PHASE_STRIP = NO;
				DEBUG_INFORMATION_FORMAT = "dwarf-with-dsym";
				ENABLE_NS_ASSERTIONS = NO;
				ENABLE_STRICT_OBJC_MSGSEND = YES;
				GCC_C_LANGUAGE_STANDARD = gnu11;
				GCC_NO_COMMON_BLOCKS = YES;
				GCC_WARN_64_TO_32_BIT_CONVERSION = YES;
				GCC_WARN_ABOUT_RETURN_TYPE = YES_ERROR;
				GCC_WARN_UNDECLARED_SELECTOR = YES;
				GCC_WARN_UNINITIALIZED_AUTOS = YES_AGGRESSIVE;
				GCC_WARN_UNUSED_FUNCTION = YES;
				GCC_WARN_UNUSED_VARIABLE = YES;
				IPHONEOS_DEPLOYMENT_TARGET = 13.2;
				MTL_ENABLE_DEBUG_INFO = NO;
				MTL_FAST_MATH = YES;
				SDKROOT = iphoneos;
				SWIFT_COMPILATION_MODE = wholemodule;
				SWIFT_OPTIMIZATION_LEVEL = "-O";
				VALIDATE_PRODUCT = YES;
			};
			name = Release;
		};
		89DF03D4241F460B006FADBB /* Debug */ = {
			isa = XCBuildConfiguration;
			buildSettings = {
				ASSETCATALOG_COMPILER_APPICON_NAME = AppIcon;
				CODE_SIGN_STYLE = Automatic;
				DEVELOPMENT_TEAM = TAYLVU398Z;
				INFOPLIST_FILE = "project-south-sulawesi/Info.plist";
				LD_RUNPATH_SEARCH_PATHS = (
					"$(inherited)",
					"@executable_path/Frameworks",
				);
				PRODUCT_BUNDLE_IDENTIFIER = "com.andimasbagaswara.project-south-sulawesi";
				PRODUCT_NAME = "$(TARGET_NAME)";
				SWIFT_VERSION = 5.0;
				TARGETED_DEVICE_FAMILY = "1,2";
			};
			name = Debug;
		};
		89DF03D5241F460B006FADBB /* Release */ = {
			isa = XCBuildConfiguration;
			buildSettings = {
				ASSETCATALOG_COMPILER_APPICON_NAME = AppIcon;
				CODE_SIGN_STYLE = Automatic;
				DEVELOPMENT_TEAM = TAYLVU398Z;
				INFOPLIST_FILE = "project-south-sulawesi/Info.plist";
				LD_RUNPATH_SEARCH_PATHS = (
					"$(inherited)",
					"@executable_path/Frameworks",
				);
				PRODUCT_BUNDLE_IDENTIFIER = "com.andimasbagaswara.project-south-sulawesi";
				PRODUCT_NAME = "$(TARGET_NAME)";
				SWIFT_VERSION = 5.0;
				TARGETED_DEVICE_FAMILY = "1,2";
			};
			name = Release;
		};
/* End XCBuildConfiguration section */

/* Begin XCConfigurationList section */
		89DF03BA241F460A006FADBB /* Build configuration list for PBXProject "project-south-sulawesi" */ = {
			isa = XCConfigurationList;
			buildConfigurations = (
				89DF03D1241F460B006FADBB /* Debug */,
				89DF03D2241F460B006FADBB /* Release */,
			);
			defaultConfigurationIsVisible = 0;
			defaultConfigurationName = Release;
		};
		89DF03D3241F460B006FADBB /* Build configuration list for PBXNativeTarget "project-south-sulawesi" */ = {
			isa = XCConfigurationList;
			buildConfigurations = (
				89DF03D4241F460B006FADBB /* Debug */,
				89DF03D5241F460B006FADBB /* Release */,
			);
			defaultConfigurationIsVisible = 0;
			defaultConfigurationName = Release;
		};
/* End XCConfigurationList section */
	};
	rootObject = 89DF03B7241F460A006FADBB /* Project object */;
}
